{
  "name": "codekit-project",
  "version": "1.0.0",
  "lockfileVersion": 3,
  "requires": true,
  "packages": {
    "": {
      "name": "codekit-project",
      "version": "1.0.0",
      "license": "UNLICENSED",
      "dependencies": {
        "jquery": "^3.7.1",
        "sass-math": "^1.0.0"
      }
    },
    "node_modules/jquery": {
      "version": "3.7.1",
      "resolved": "https://registry.npmjs.org/jquery/-/jquery-3.7.1.tgz",
      "integrity": "sha512-m4avr8yL8kmFN8psrbFFFmB/If14iN5o9nw/NgnnM+kybDJpRsAynV2BsfpTYrTRysYUdADVD7CkUUizgkpLfg=="
    },
    "node_modules/sass-math": {
      "version": "1.0.0",
      "resolved": "https://registry.npmjs.org/sass-math/-/sass-math-1.0.0.tgz",
      "integrity": "sha512-sNRWEW71zu9HfgtIvUQYi5FTXys10x/wtOFtaBFg2yTgdDiGlxyr448suw8ZKAEHX4T2X1uxnrpcAVwIerDTKQ=="
    }
  }
}
